
Microsoft Visual Studio Solution File, Format Version 12.00
# Visual Studio 15
VisualStudioVersion = 15.0.27703.2047
MinimumVisualStudioVersion = 10.0.40219.1
Project("{FAE04EC0-301F-11D3-BF4B-00C04F79EFBC}") = "UIApp", "UIApp\UIApp.csproj", "{29AE0675-995C-4B08-907B-DFB5A8899013}"
EndProject
Project("{FAE04EC0-301F-11D3-BF4B-00C04F79EFBC}") = "Server", "Server\Server.csproj", "{BAD4E740-5006-4616-A79D-DDB955F8EC5D}"
EndProject
Project("{FAE04EC0-301F-11D3-BF4B-00C04F79EFBC}") = "Data", "Data\Data.csproj", "{C0781178-4BB9-437A-B116-854EC51FEAC3}"
EndProject
Project("{FAE04EC0-301F-11D3-BF4B-00C04F79EFBC}") = "Transfer", "Transfer\Transfer.csproj", "{3E222582-0FC8-4BCA-ADA5-6C07D7D31D29}"
EndProject
Global
	GlobalSection(SolutionConfigurationPlatforms) = preSolution
		Debug|Any CPU = Debug|Any CPU
		Release|Any CPU = Release|Any CPU
	EndGlobalSection
	GlobalSection(ProjectConfigurationPlatforms) = postSolution
		{29AE0675-995C-4B08-907B-DFB5A8899013}.Debug|Any CPU.ActiveCfg = Debug|Any CPU
		{29AE0675-995C-4B08-907B-DFB5A8899013}.Debug|Any CPU.Build.0 = Debug|Any CPU
		{29AE0675-995C-4B08-907B-DFB5A8899013}.Release|Any CPU.ActiveCfg = Release|Any CPU
		{29AE0675-995C-4B08-907B-DFB5A8899013}.Release|Any CPU.Build.0 = Release|Any CPU
		{BAD4E740-5006-4616-A79D-DDB955F8EC5D}.Debug|Any CPU.ActiveCfg = Debug|Any CPU
		{BAD4E740-5006-4616-A79D-DDB955F8EC5D}.Debug|Any CPU.Build.0 = Debug|Any CPU
		{BAD4E740-5006-4616-A79D-DDB955F8EC5D}.Release|Any CPU.ActiveCfg = Release|Any CPU
		{BAD4E740-5006-4616-A79D-DDB955F8EC5D}.Release|Any CPU.Build.0 = Release|Any CPU
		{C0781178-4BB9-437A-B116-854EC51FEAC3}.Debug|Any CPU.ActiveCfg = Debug|Any CPU
		{C0781178-4BB9-437A-B116-854EC51FEAC3}.Debug|Any CPU.Build.0 = Debug|Any CPU
		{C0781178-4BB9-437A-B116-854EC51FEAC3}.Release|Any CPU.ActiveCfg = Release|Any CPU
		{C0781178-4BB9-437A-B116-854EC51FEAC3}.Release|Any CPU.Build.0 = Release|Any CPU
		{3E222582-0FC8-4BCA-ADA5-6C07D7D31D29}.Debug|Any CPU.ActiveCfg = Debug|Any CPU
		{3E222582-0FC8-4BCA-ADA5-6C07D7D31D29}.Debug|Any CPU.Build.0 = Debug|Any CPU
		{3E222582-0FC8-4BCA-ADA5-6C07D7D31D29}.Release|Any CPU.ActiveCfg = Release|Any CPU
		{3E222582-0FC8-4BCA-ADA5-6C07D7D31D29}.Release|Any CPU.Build.0 = Release|Any CPU
	EndGlobalSection
	GlobalSection(SolutionProperties) = preSolution
		HideSolutionNode = FALSE
	EndGlobalSection
	GlobalSection(ExtensibilityGlobals) = postSolution
		SolutionGuid = {C40F9E27-69C7-41A9-BA27-8F9FEB81B63A}
	EndGlobalSection
EndGlobal
